PODS:
  - Alamofire (4.7.3)
  - AnimatedTextInput (0.5.2)
  - CodableAlamofire (1.1.0):
    - Alamofire (~> 4.0)
  - CodableExtensions (0.2.1)
  - CoreAnimator (2.1.3)
  - CouchbaseLite-Swift (2.1.1)
  - Crashlytics (3.10.1):
    - Fabric (~> 1.7.5)
  - DeviceKit (1.3.2)
  - Fabric (1.7.6)
  - GoogleSignIn (4.3.0):
    - "GoogleToolboxForMac/NSDictionary+URLArguments (~> 2.1)"
    - "GoogleToolboxForMac/NSString+URLArguments (~> 2.1)"
    - GTMOAuth2 (~> 1.0)
    - GTMSessionFetcher/Core (~> 1.1)
  - GoogleToolboxForMac/DebugUtils (2.1.4):
    - GoogleToolboxForMac/Defines (= 2.1.4)
  - GoogleToolboxForMac/Defines (2.1.4)
  - "GoogleToolboxForMac/NSDictionary+URLArguments (2.1.4)":
    - GoogleToolboxForMac/DebugUtils (= 2.1.4)
    - GoogleToolboxForMac/Defines (= 2.1.4)
    - "GoogleToolboxForMac/NSString+URLArguments (= 2.1.4)"
  - "GoogleToolboxForMac/NSString+URLArguments (2.1.4)"
  - GTMOAuth2 (1.1.6):
    - GTMSessionFetcher (~> 1.1)
  - GTMSessionFetcher (1.2.0):
    - GTMSessionFetcher/Full (= 1.2.0)
  - GTMSessionFetcher/Core (1.2.0)
  - GTMSessionFetcher/Full (1.2.0):
    - GTMSessionFetcher/Core (= 1.2.0)
  - KeychainSwift (10.0.0)
  - Kingfisher (4.7.0)
  - LambdaKit (0.5.0)
  - MarqueeLabel/Swift (3.1.6)
  - MaterialComponents/Ink (55.0.4):
    - MaterialComponents/private/Math
  - MaterialComponents/Palettes (55.0.4)
  - MaterialComponents/private/Application (55.0.4)
  - MaterialComponents/private/Math (55.0.4)
  - MaterialComponents/private/ThumbTrack (55.0.4):
    - MaterialComponents/Ink
    - MaterialComponents/private/Math
    - MaterialComponents/ShadowElevations
    - MaterialComponents/ShadowLayer
    - MaterialComponents/Typography
    - MDFInternationalization
  - MaterialComponents/ShadowElevations (55.0.4)
  - MaterialComponents/ShadowLayer (55.0.4):
    - MaterialComponents/ShadowElevations
  - MaterialComponents/Slider (55.0.4):
    - MaterialComponents/Palettes
    - MaterialComponents/private/ThumbTrack
    - MaterialComponents/ShadowElevations
  - MaterialComponents/Typography (55.0.4):
    - MaterialComponents/private/Application
  - MDFInternationalization (1.0.4)
  - NVActivityIndicatorView (4.2.0):
    - NVActivityIndicatorView/Presenter (= 4.2.0)
  - NVActivityIndicatorView/Presenter (4.2.0)
  - Pages (2.0.2)
  - PKHUD (5.0.0)
  - PMAlertController (3.2.0)
  - QuickTableViewController (0.9.1)
  - RimhTypingLetters (0.1.1)
  - RxCocoa (4.1.2):
    - RxSwift (~> 4.0)
  - RxSwift (4.1.2)
  - Sheeeeeeeeet (0.9.4)
  - SnapKit (4.0.1)
  - SwiftIconFont (2.7.3)
  - SwiftIcons (2.2.0)
  - VSInfiniteCarousel (0.2.0)

DEPENDENCIES:
  - Alamofire (~> 4.7.3)
  - AnimatedTextInput (~> 0.5.2)
  - CodableAlamofire (~> 1.1.0)
  - CodableExtensions (~> 0.2.1)
  - CoreAnimator (~> 2.1.3)
  - CouchbaseLite-Swift (~> 2.1.1)
  - Crashlytics (~> 3.10.1)
  - DeviceKit (~> 1.3.0)
  - Fabric (~> 1.7.6)
  - GoogleSignIn (~> 4.3.0)
  - KeychainSwift (~> 10.0)
  - Kingfisher (~> 4.0)
  - LambdaKit (~> 0.5.0)
  - MarqueeLabel/Swift (~> 3.1.6)
  - MaterialComponents/Slider (~> 55.0.4)
  - NVActivityIndicatorView (~> 4.2.0)
  - Pages (~> 2.0.2)
  - PKHUD (~> 5.0)
  - PMAlertController (~> 3.2.0)
  - QuickTableViewController (~> 0.9.1)
  - RimhTypingLetters (~> 0.1.1)
  - RxCocoa (~> 4.0)
  - RxSwift (~> 4.0)
  - Sheeeeeeeeet (~> 0.9.4)
  - SnapKit (~> 4.0.1)
  - SwiftIconFont (~> 2.7.3)
  - SwiftIcons (~> 2.2.0)
  - VSInfiniteCarousel (~> 0.2.0)

SPEC REPOS:
  https://github.com/cocoapods/specs.git:
    - Alamofire
    - AnimatedTextInput
    - CodableAlamofire
    - CodableExtensions
    - CoreAnimator
    - CouchbaseLite-Swift
    - Crashlytics
    - DeviceKit
    - Fabric
    - GoogleSignIn
    - GoogleToolboxForMac
    - GTMOAuth2
    - GTMSessionFetcher
    - KeychainSwift
    - Kingfisher
    - LambdaKit
    - MarqueeLabel
    - MaterialComponents
    - MDFInternationalization
    - NVActivityIndicatorView
    - Pages
    - PKHUD
    - PMAlertController
    - QuickTableViewController
    - RimhTypingLetters
    - RxCocoa
    - RxSwift
    - Sheeeeeeeeet
    - SnapKit
    - SwiftIconFont
    - SwiftIcons
    - VSInfiniteCarousel

SPEC CHECKSUMS:
  Alamofire: c7287b6e5d7da964a70935e5db17046b7fde6568
  AnimatedTextInput: bb004a2bc7eda53d701e585868dcd87813acfceb
  CodableAlamofire: e2d2edcec7cf413f7862c30c8fa98eded27a83f9
  CodableExtensions: dfc7a008a5951e3667ffdad5b43f1e9ed87213a7
  CoreAnimator: 18be4e6dc7fd2951c7b57e271bd74af6536f02da
  CouchbaseLite-Swift: cfb9343dfea7aeb116db82941ba8189fc24cb119
  Crashlytics: aee1a064cbbf99b32efa3f056a5f458d846bc8ff
  DeviceKit: f763607473cdd286a69d1957de099bdbd8391db5
  Fabric: f8d42c893bb187326a7968b62abe55c36a987a46
  GoogleSignIn: 11183592dc63e105475c7305a325045ff95e02b7
  GoogleToolboxForMac: 91c824d21e85b31c2aae9bb011c5027c9b4e738f
  GTMOAuth2: c77fe325e4acd453837e72d91e3b5f13116857b2
  GTMSessionFetcher: 0c4baf0a73acd0041bf9f71ea018deedab5ea84e
  KeychainSwift: f9f7910449a0c0fd2cabc889121530dd2c477c33
  Kingfisher: da6b005aa96d37698e3e4f1ccfe96a5b9bbf27d6
  LambdaKit: da53bb7d3ede0625ecb72895141643b45f64c11d
  MarqueeLabel: 0c41f08ef5773e29c0f71064a8fa788a2fd8b365
  MaterialComponents: 059f649876b2e1ed6a623ba689175493422cc7cd
  MDFInternationalization: e355b0cebecf53d60233bd267084e49366c82513
  NVActivityIndicatorView: 75c9634073e03b31d7e2748cd2417feab1206195
  Pages: 5564ac6035c48fef7a837049314f57507d263b11
  PKHUD: 3c001512c6e002091184197a8de7a20420786e3b
  PMAlertController: 46047b840f6e1833c2a5395c91ccad29e72ae2c0
  QuickTableViewController: 5cbe91041c00b3ef4cfc405e3fad92b1fb63d6d2
  RimhTypingLetters: 914370e62a8280bcfc44bbcd887323bbaa0df609
  RxCocoa: d88ba0f1f6abf040011a9eb4b539324fc426843a
  RxSwift: e49536837d9901277638493ea537394d4b55f570
  Sheeeeeeeeet: 146870f19426aca0b137cb85a6209ff731e1db43
  SnapKit: 0de968a9fec17499afa29683b05d0c775b6d1c29
  SwiftIconFont: ebd8ee931a1e7072b61a87aec53f3a0786ef7f2b
  SwiftIcons: e7eb9bf2b475d6bdd8b37c5bdedc6d120aab0829
  VSInfiniteCarousel: 8249a9b2fcb0f28144aa1f64dc63824dcd3d8e20

PODFILE CHECKSUM: 2b1200e13dd83a0067be6503246da69dc03077e2

COCOAPODS: 1.5.3
