PODS:
  - Alamofire (4.7.2)
  - AnimatedTextInput (0.5.2)
  - CodableAlamofire (1.1.0):
    - Alamofire (~> 4.0)
  - CodableExtensions (0.2.1)
  - CoreAnimator (2.1.3)
  - CouchbaseLite-Swift (2.0.0)
  - Crashlytics (3.10.1):
    - Fabric (~> 1.7.5)
  - DeviceKit (1.3.2)
  - Fabric (1.7.6)
  - FreeStreamer (3.8.3):
    - Reachability (~> 3.0)
  - GoogleSignIn (4.1.2):
    - "GoogleToolboxForMac/NSDictionary+URLArguments (~> 2.1)"
    - "GoogleToolboxForMac/NSString+URLArguments (~> 2.1)"
    - GTMOAuth2 (~> 1.0)
    - GTMSessionFetcher/Core (~> 1.1)
  - GoogleToolboxForMac/DebugUtils (2.1.3):
    - GoogleToolboxForMac/Defines (= 2.1.3)
  - GoogleToolboxForMac/Defines (2.1.3)
  - "GoogleToolboxForMac/NSDictionary+URLArguments (2.1.3)":
    - GoogleToolboxForMac/DebugUtils (= 2.1.3)
    - GoogleToolboxForMac/Defines (= 2.1.3)
    - "GoogleToolboxForMac/NSString+URLArguments (= 2.1.3)"
  - "GoogleToolboxForMac/NSString+URLArguments (2.1.3)"
  - GTMOAuth2 (1.1.6):
    - GTMSessionFetcher (~> 1.1)
  - GTMSessionFetcher (1.1.15):
    - GTMSessionFetcher/Full (= 1.1.15)
  - GTMSessionFetcher/Core (1.1.15)
  - GTMSessionFetcher/Full (1.1.15):
    - GTMSessionFetcher/Core (= 1.1.15)
  - KeychainSwift (10.0.0)
  - Kingfisher (4.7.0)
  - MarqueeLabel/Swift (3.1.6)
  - MaterialComponents/Ink (55.0.4):
    - MaterialComponents/private/Math
  - MaterialComponents/Palettes (55.0.4)
  - MaterialComponents/private/Application (55.0.4)
  - MaterialComponents/private/Math (55.0.4)
  - MaterialComponents/private/ThumbTrack (55.0.4):
    - MaterialComponents/Ink
    - MaterialComponents/private/Math
    - MaterialComponents/ShadowElevations
    - MaterialComponents/ShadowLayer
    - MaterialComponents/Typography
    - MDFInternationalization
  - MaterialComponents/ShadowElevations (55.0.4)
  - MaterialComponents/ShadowLayer (55.0.4):
    - MaterialComponents/ShadowElevations
  - MaterialComponents/Slider (55.0.4):
    - MaterialComponents/Palettes
    - MaterialComponents/private/ThumbTrack
    - MaterialComponents/ShadowElevations
  - MaterialComponents/Typography (55.0.4):
    - MaterialComponents/private/Application
  - MDFInternationalization (1.0.4)
  - NVActivityIndicatorView (4.2.0):
    - NVActivityIndicatorView/Presenter (= 4.2.0)
  - NVActivityIndicatorView/Presenter (4.2.0)
  - Pages (2.0.2)
  - PKHUD (5.0.0)
  - PMAlertController (3.2.0)
  - Reachability (3.2)
  - RimhTypingLetters (0.1.1)
  - RxCocoa (4.1.2):
    - RxSwift (~> 4.0)
  - RxSwift (4.1.2)
  - Sheeeeeeeeet (0.9.4)
  - SnapKit (4.0.0)
  - SwiftIconFont (2.7.3)
  - SwiftIcons (2.0.1)
  - VSInfiniteCarousel (0.2.0)

DEPENDENCIES:
  - Alamofire (~> 4.6)
  - AnimatedTextInput (~> 0.5.2)
  - CodableAlamofire (~> 1.1.0)
  - CodableExtensions (~> 0.2.1)
  - CoreAnimator (~> 2.1.3)
  - CouchbaseLite-Swift (~> 2.0.0)
  - Crashlytics (~> 3.10.1)
  - DeviceKit (~> 1.3.0)
  - Fabric (~> 1.7.6)
  - FreeStreamer (~> 3.8.3)
  - GoogleSignIn (~> 4.1.2)
  - KeychainSwift (~> 10.0)
  - Kingfisher (~> 4.0)
  - MarqueeLabel/Swift (~> 3.1.6)
  - MaterialComponents/Slider (~> 55.0.4)
  - NVActivityIndicatorView (~> 4.2.0)
  - Pages (~> 2.0.2)
  - PKHUD (~> 5.0)
  - PMAlertController (~> 3.2.0)
  - RimhTypingLetters (~> 0.1.1)
  - RxCocoa (~> 4.0)
  - RxSwift (~> 4.0)
  - Sheeeeeeeeet (~> 0.9.4)
  - SnapKit (~> 4.0.0)
  - SwiftIconFont (~> 2.7.3)
  - SwiftIcons (~> 2.0.1)
  - VSInfiniteCarousel (~> 0.2.0)

SPEC REPOS:
  https://github.com/cocoapods/specs.git:
    - Alamofire
    - AnimatedTextInput
    - CodableAlamofire
    - CodableExtensions
    - CoreAnimator
    - CouchbaseLite-Swift
    - Crashlytics
    - DeviceKit
    - Fabric
    - FreeStreamer
    - GoogleSignIn
    - GoogleToolboxForMac
    - GTMOAuth2
    - GTMSessionFetcher
    - KeychainSwift
    - Kingfisher
    - MarqueeLabel
    - MaterialComponents
    - MDFInternationalization
    - NVActivityIndicatorView
    - Pages
    - PKHUD
    - PMAlertController
    - Reachability
    - RimhTypingLetters
    - RxCocoa
    - RxSwift
    - Sheeeeeeeeet
    - SnapKit
    - SwiftIconFont
    - SwiftIcons
    - VSInfiniteCarousel

SPEC CHECKSUMS:
  Alamofire: e4fa87002c137ba2d8d634d2c51fabcda0d5c223
  AnimatedTextInput: bb004a2bc7eda53d701e585868dcd87813acfceb
  CodableAlamofire: e2d2edcec7cf413f7862c30c8fa98eded27a83f9
  CodableExtensions: dfc7a008a5951e3667ffdad5b43f1e9ed87213a7
  CoreAnimator: 18be4e6dc7fd2951c7b57e271bd74af6536f02da
  CouchbaseLite-Swift: 65eb503cb7ce3defa14d8d9d50b0b691b0207dc5
  Crashlytics: aee1a064cbbf99b32efa3f056a5f458d846bc8ff
  DeviceKit: f763607473cdd286a69d1957de099bdbd8391db5
  Fabric: f8d42c893bb187326a7968b62abe55c36a987a46
  FreeStreamer: b205b0bf6a2e7855f935369145498f930eb27cac
  GoogleSignIn: d9ef55b10f0aa401a5de2747f59b725e4b9732ac
  GoogleToolboxForMac: 2501e2ad72a52eb3dfe7bd9aee7dad11b858bd20
  GTMOAuth2: c77fe325e4acd453837e72d91e3b5f13116857b2
  GTMSessionFetcher: 5fa5b80fd20e439ef5f545fb2cb3ca6c6714caa2
  KeychainSwift: f9f7910449a0c0fd2cabc889121530dd2c477c33
  Kingfisher: da6b005aa96d37698e3e4f1ccfe96a5b9bbf27d6
  MarqueeLabel: 0c41f08ef5773e29c0f71064a8fa788a2fd8b365
  MaterialComponents: 059f649876b2e1ed6a623ba689175493422cc7cd
  MDFInternationalization: e355b0cebecf53d60233bd267084e49366c82513
  NVActivityIndicatorView: 75c9634073e03b31d7e2748cd2417feab1206195
  Pages: 5564ac6035c48fef7a837049314f57507d263b11
  PKHUD: 3c001512c6e002091184197a8de7a20420786e3b
  PMAlertController: 46047b840f6e1833c2a5395c91ccad29e72ae2c0
  Reachability: 33e18b67625424e47b6cde6d202dce689ad7af96
  RimhTypingLetters: 914370e62a8280bcfc44bbcd887323bbaa0df609
  RxCocoa: d88ba0f1f6abf040011a9eb4b539324fc426843a
  RxSwift: e49536837d9901277638493ea537394d4b55f570
  Sheeeeeeeeet: 146870f19426aca0b137cb85a6209ff731e1db43
  SnapKit: a42d492c16e80209130a3379f73596c3454b7694
  SwiftIconFont: ebd8ee931a1e7072b61a87aec53f3a0786ef7f2b
  SwiftIcons: e475a56ae2c2da40672dbf16061ca5dd5cee7dbb
  VSInfiniteCarousel: 8249a9b2fcb0f28144aa1f64dc63824dcd3d8e20

PODFILE CHECKSUM: 86cbcad382ed7ae7b8793a139d9a890900c8e7a7

COCOAPODS: 1.5.3
