PODS:
  - Alamofire (4.7.3)
  - AnimatedTextInput (0.5.2)
  - CodableAlamofire (1.1.0):
    - Alamofire (~> 4.0)
  - CodableExtensions (0.2.1)
  - CoreAnimator (2.1.3)
  - CouchbaseLite-Swift (2.6.1)
  - Crashlytics (3.10.1):
    - Fabric (~> 1.7.5)
  - DeviceKit (1.3.2)
  - Fabric (1.7.13)
  - GoogleSignIn (4.3.0):
    - "GoogleToolboxForMac/NSDictionary+URLArguments (~> 2.1)"
    - "GoogleToolboxForMac/NSString+URLArguments (~> 2.1)"
    - GTMOAuth2 (~> 1.0)
    - GTMSessionFetcher/Core (~> 1.1)
  - GoogleToolboxForMac/DebugUtils (2.1.4):
    - GoogleToolboxForMac/Defines (= 2.1.4)
  - GoogleToolboxForMac/Defines (2.1.4)
  - "GoogleToolboxForMac/NSDictionary+URLArguments (2.1.4)":
    - GoogleToolboxForMac/DebugUtils (= 2.1.4)
    - GoogleToolboxForMac/Defines (= 2.1.4)
    - "GoogleToolboxForMac/NSString+URLArguments (= 2.1.4)"
  - "GoogleToolboxForMac/NSString+URLArguments (2.1.4)"
  - GTMOAuth2 (1.1.6):
    - GTMSessionFetcher (~> 1.1)
  - GTMSessionFetcher (1.2.0):
    - GTMSessionFetcher/Full (= 1.2.0)
  - GTMSessionFetcher/Core (1.2.0)
  - GTMSessionFetcher/Full (1.2.0):
    - GTMSessionFetcher/Core (= 1.2.0)
  - KeychainSwift (10.0.0)
  - Kingfisher (5.4.0)
  - MarqueeLabel (4.0.0)
  - MaterialComponents/Ink (55.0.4):
    - MaterialComponents/private/Math
  - MaterialComponents/Palettes (55.0.4)
  - MaterialComponents/private/Application (55.0.4)
  - MaterialComponents/private/Math (55.0.4)
  - MaterialComponents/private/ThumbTrack (55.0.4):
    - MaterialComponents/Ink
    - MaterialComponents/private/Math
    - MaterialComponents/ShadowElevations
    - MaterialComponents/ShadowLayer
    - MaterialComponents/Typography
    - MDFInternationalization
  - MaterialComponents/ShadowElevations (55.0.4)
  - MaterialComponents/ShadowLayer (55.0.4):
    - MaterialComponents/ShadowElevations
  - MaterialComponents/Slider (55.0.4):
    - MaterialComponents/Palettes
    - MaterialComponents/private/ThumbTrack
    - MaterialComponents/ShadowElevations
  - MaterialComponents/Typography (55.0.4):
    - MaterialComponents/private/Application
  - MDFInternationalization (1.0.4)
  - NVActivityIndicatorView (4.7.0):
    - NVActivityIndicatorView/Presenter (= 4.7.0)
  - NVActivityIndicatorView/Presenter (4.7.0)
  - Pages (2.0.2)
  - PKHUD (5.2.1)
  - PMAlertController (3.2.0)
  - QuickTableViewController (0.9.1)
  - RimhTypingLetters (0.1.1)
  - RxCocoa (4.1.2):
    - RxSwift (~> 4.0)
  - RxSwift (4.5.0)
  - Sheeeeeeeeet (0.9.4)
  - SnapKit (5.0.1)
  - SwiftIconFont (2.7.3)
  - SwiftIcons (2.2.0)
  - VSInfiniteCarousel (0.2.0)

DEPENDENCIES:
  - Alamofire (~> 4.7.3)
  - AnimatedTextInput (~> 0.5.2)
  - CodableAlamofire (~> 1.1.0)
  - CodableExtensions (~> 0.2.1)
  - CoreAnimator (~> 2.1.3)
  - CouchbaseLite-Swift (~> 2.6.0)
  - Crashlytics (~> 3.10.1)
  - DeviceKit (~> 1.3.0)
  - GoogleSignIn (~> 4.3.0)
  - KeychainSwift (~> 10.0)
  - Kingfisher (~> 5.4.0)
  - MarqueeLabel (~> 4.0.0)
  - MaterialComponents/Slider (~> 55.0.4)
  - NVActivityIndicatorView (~> 4.7.0)
  - Pages (~> 2.0.2)
  - PKHUD (~> 5.2.1)
  - PMAlertController (~> 3.2.0)
  - QuickTableViewController (~> 0.9.1)
  - RimhTypingLetters (~> 0.1.1)
  - RxCocoa (~> 4.0)
  - RxSwift (~> 4.5.0)
  - Sheeeeeeeeet (~> 0.9.4)
  - SnapKit (~> 5.0.0)
  - SwiftIconFont (~> 2.7.3)
  - SwiftIcons (~> 2.2.0)
  - VSInfiniteCarousel (~> 0.2.0)

SPEC REPOS:
  https://github.com/cocoapods/specs.git:
    - Alamofire
    - AnimatedTextInput
    - CodableAlamofire
    - CodableExtensions
    - CoreAnimator
    - CouchbaseLite-Swift
    - Crashlytics
    - DeviceKit
    - Fabric
    - GoogleSignIn
    - GoogleToolboxForMac
    - GTMOAuth2
    - GTMSessionFetcher
    - KeychainSwift
    - Kingfisher
    - MarqueeLabel
    - MaterialComponents
    - MDFInternationalization
    - NVActivityIndicatorView
    - Pages
    - PKHUD
    - PMAlertController
    - QuickTableViewController
    - RimhTypingLetters
    - RxCocoa
    - RxSwift
    - Sheeeeeeeeet
    - SnapKit
    - SwiftIconFont
    - SwiftIcons
    - VSInfiniteCarousel

SPEC CHECKSUMS:
  Alamofire: c7287b6e5d7da964a70935e5db17046b7fde6568
  AnimatedTextInput: bb004a2bc7eda53d701e585868dcd87813acfceb
  CodableAlamofire: e2d2edcec7cf413f7862c30c8fa98eded27a83f9
  CodableExtensions: dfc7a008a5951e3667ffdad5b43f1e9ed87213a7
  CoreAnimator: 18be4e6dc7fd2951c7b57e271bd74af6536f02da
  CouchbaseLite-Swift: c9a5cf889da3e7969259f30384bd3cd1b9f2f3e6
  Crashlytics: aee1a064cbbf99b32efa3f056a5f458d846bc8ff
  DeviceKit: f763607473cdd286a69d1957de099bdbd8391db5
  Fabric: 25d0963b691fc97be566392243ff0ecef5a68338
  GoogleSignIn: 11183592dc63e105475c7305a325045ff95e02b7
  GoogleToolboxForMac: 91c824d21e85b31c2aae9bb011c5027c9b4e738f
  GTMOAuth2: e8b6512c896235149df975c41d9a36c868ab7fba
  GTMSessionFetcher: 0c4baf0a73acd0041bf9f71ea018deedab5ea84e
  KeychainSwift: f9f7910449a0c0fd2cabc889121530dd2c477c33
  Kingfisher: 9c8f2cc6710334e06f32ba2b45e77707d5e2f0c9
  MarqueeLabel: b55b26e690b6ad41faedd95cbf5eae6f1d1735b4
  MaterialComponents: 059f649876b2e1ed6a623ba689175493422cc7cd
  MDFInternationalization: e355b0cebecf53d60233bd267084e49366c82513
  NVActivityIndicatorView: b19ddab2576f805cbe0fb2306cba3476e09a1dea
  Pages: 5564ac6035c48fef7a837049314f57507d263b11
  PKHUD: 4e6162c4c39ac367c6934e9855c6b4762ee16256
  PMAlertController: 46047b840f6e1833c2a5395c91ccad29e72ae2c0
  QuickTableViewController: 5cbe91041c00b3ef4cfc405e3fad92b1fb63d6d2
  RimhTypingLetters: 914370e62a8280bcfc44bbcd887323bbaa0df609
  RxCocoa: d88ba0f1f6abf040011a9eb4b539324fc426843a
  RxSwift: f172070dfd1a93d70a9ab97a5a01166206e1c575
  Sheeeeeeeeet: 146870f19426aca0b137cb85a6209ff731e1db43
  SnapKit: 97b92857e3df3a0c71833cce143274bf6ef8e5eb
  SwiftIconFont: ebd8ee931a1e7072b61a87aec53f3a0786ef7f2b
  SwiftIcons: e7eb9bf2b475d6bdd8b37c5bdedc6d120aab0829
  VSInfiniteCarousel: 8249a9b2fcb0f28144aa1f64dc63824dcd3d8e20

PODFILE CHECKSUM: 7a41d7bedf33aef1f61cba3c5af8d3d64b259c9b

COCOAPODS: 1.7.5
